
Microsoft Visual Studio Solution File, Format Version 12.00
# Visual Studio Version 17
VisualStudioVersion = 17.14.36603.0 d17.14
MinimumVisualStudioVersion = 10.0.40219.1
Project("{FAE04EC0-301F-11D3-BF4B-00C04F79EFBC}") = "BloodFlow.MS3", "BloodFlow.MS3.csproj", "{90476A31-5236-838E-6911-2DEF99C8C7F5}"
EndProject
Global
	GlobalSection(SolutionConfigurationPlatforms) = preSolution
		Debug|Any CPU = Debug|Any CPU
		Release|Any CPU = Release|Any CPU
	EndGlobalSection
	GlobalSection(ProjectConfigurationPlatforms) = postSolution
		{90476A31-5236-838E-6911-2DEF99C8C7F5}.Debug|Any CPU.ActiveCfg = Debug|Any CPU
		{90476A31-5236-838E-6911-2DEF99C8C7F5}.Debug|Any CPU.Build.0 = Debug|Any CPU
		{90476A31-5236-838E-6911-2DEF99C8C7F5}.Release|Any CPU.ActiveCfg = Release|Any CPU
		{90476A31-5236-838E-6911-2DEF99C8C7F5}.Release|Any CPU.Build.0 = Release|Any CPU
	EndGlobalSection
	GlobalSection(SolutionProperties) = preSolution
		HideSolutionNode = FALSE
	EndGlobalSection
	GlobalSection(ExtensibilityGlobals) = postSolution
		SolutionGuid = {6B3CB0D5-B911-443B-9841-48E414786E73}
	EndGlobalSection
EndGlobal
